
Microsoft Visual Studio Solution File, Format Version 11.00
# Visual C# Express 2010
Project("{FAE04EC0-301F-11D3-BF4B-00C04F79EFBC}") = "fiddlerPlugin", "fiddlerPlugin\fiddlerPlugin.csproj", "{06E21A72-EB53-4C4A-966A-F32FE14451BB}"
EndProject
Global
	GlobalSection(SolutionConfigurationPlatforms) = preSolution
		Debug|Any CPU = Debug|Any CPU
		Release|Any CPU = Release|Any CPU
	EndGlobalSection
	GlobalSection(ProjectConfigurationPlatforms) = postSolution
		{06E21A72-EB53-4C4A-966A-F32FE14451BB}.Debug|Any CPU.ActiveCfg = Debug|Any CPU
		{06E21A72-EB53-4C4A-966A-F32FE14451BB}.Debug|Any CPU.Build.0 = Debug|Any CPU
		{06E21A72-EB53-4C4A-966A-F32FE14451BB}.Release|Any CPU.ActiveCfg = Release|Any CPU
		{06E21A72-EB53-4C4A-966A-F32FE14451BB}.Release|Any CPU.Build.0 = Release|Any CPU
	EndGlobalSection
	GlobalSection(SolutionProperties) = preSolution
		HideSolutionNode = FALSE
	EndGlobalSection
EndGlobal
